
Microsoft Visual Studio Solution File, Format Version 12.00
# Visual Studio Version 16
VisualStudioVersion = 16.0.30413.136
MinimumVisualStudioVersion = 10.0.40219.1
Project("{FAE04EC0-301F-11D3-BF4B-00C04F79EFBC}") = "LegendOfZelda", "LegendOfZelda\LegendOfZelda.csproj", "{4E9C6D71-FF35-418D-822A-C922BA7543DB}"
EndProject
Global
	GlobalSection(SolutionConfigurationPlatforms) = preSolution
		Debug|Any CPU = Debug|Any CPU
		Release|Any CPU = Release|Any CPU
	EndGlobalSection
	GlobalSection(ProjectConfigurationPlatforms) = postSolution
		{4E9C6D71-FF35-418D-822A-C922BA7543DB}.Debug|Any CPU.ActiveCfg = Debug|Any CPU
		{4E9C6D71-FF35-418D-822A-C922BA7543DB}.Debug|Any CPU.Build.0 = Debug|Any CPU
		{4E9C6D71-FF35-418D-822A-C922BA7543DB}.Release|Any CPU.ActiveCfg = Release|Any CPU
		{4E9C6D71-FF35-418D-822A-C922BA7543DB}.Release|Any CPU.Build.0 = Release|Any CPU
	EndGlobalSection
	GlobalSection(SolutionProperties) = preSolution
		HideSolutionNode = FALSE
	EndGlobalSection
	GlobalSection(ExtensibilityGlobals) = postSolution
		SolutionGuid = {806C0E62-56DE-4372-BC5B-32BC4743E850}
	EndGlobalSection
EndGlobal
